// !$*UTF8*$!
{
	archiveVersion = 1;
	classes = {
	};
	objectVersion = 50;
	objects = {

/* Begin PBXBuildFile section */
		84F9B52D21CA82F50013756C /* AppDelegate.swift in Sources */ = {isa = PBXBuildFile; fileRef = 84F9B52C21CA82F50013756C /* AppDelegate.swift */; };
		84F9B52F21CA82F50013756C /* HomeViewController.swift in Sources */ = {isa = PBXBuildFile; fileRef = 84F9B52E21CA82F50013756C /* HomeViewController.swift */; };
		84F9B53221CA82F50013756C /* Main.storyboard in Resources */ = {isa = PBXBuildFile; fileRef = 84F9B53021CA82F50013756C /* Main.storyboard */; };
		84F9B53421CA82F60013756C /* Assets.xcassets in Resources */ = {isa = PBXBuildFile; fileRef = 84F9B53321CA82F60013756C /* Assets.xcassets */; };
		84F9B53721CA82F60013756C /* LaunchScreen.storyboard in Resources */ = {isa = PBXBuildFile; fileRef = 84F9B53521CA82F60013756C /* LaunchScreen.storyboard */; };
		84F9B53F21CA87190013756C /* GameViewController.swift in Sources */ = {isa = PBXBuildFile; fileRef = 84F9B53E21CA87190013756C /* GameViewController.swift */; };
		84F9B54121CA90FC0013756C /* Player.swift in Sources */ = {isa = PBXBuildFile; fileRef = 84F9B54021CA90FC0013756C /* Player.swift */; };
		84F9B54421CB98870013756C /* Game.swift in Sources */ = {isa = PBXBuildFile; fileRef = 84F9B54321CB98870013756C /* Game.swift */; };
/* End PBXBuildFile section */

/* Begin PBXFileReference section */
		84F9B52921CA82F50013756C /* Nim.app */ = {isa = PBXFileReference; explicitFileType = wrapper.application; includeInIndex = 0; path = Nim.app; sourceTree = BUILT_PRODUCTS_DIR; };
		84F9B52C21CA82F50013756C /* AppDelegate.swift */ = {isa = PBXFileReference; lastKnownFileType = sourcecode.swift; path = AppDelegate.swift; sourceTree = "<group>"; };
		84F9B52E21CA82F50013756C /* HomeViewController.swift */ = {isa = PBXFileReference; lastKnownFileType = sourcecode.swift; path = HomeViewController.swift; sourceTree = "<group>"; };
		84F9B53121CA82F50013756C /* Base */ = {isa = PBXFileReference; lastKnownFileType = file.storyboard; name = Base; path = Base.lproj/Main.storyboard; sourceTree = "<group>"; };
		84F9B53321CA82F60013756C /* Assets.xcassets */ = {isa = PBXFileReference; lastKnownFileType = folder.assetcatalog; path = Assets.xcassets; sourceTree = "<group>"; };
		84F9B53621CA82F60013756C /* Base */ = {isa = PBXFileReference; lastKnownFileType = file.storyboard; name = Base; path = Base.lproj/LaunchScreen.storyboard; sourceTree = "<group>"; };
		84F9B53821CA82F60013756C /* Info.plist */ = {isa = PBXFileReference; lastKnownFileType = text.plist.xml; path = Info.plist; sourceTree = "<group>"; };
		84F9B53E21CA87190013756C /* GameViewController.swift */ = {isa = PBXFileReference; lastKnownFileType = sourcecode.swift; path = GameViewController.swift; sourceTree = "<group>"; };
		84F9B54021CA90FC0013756C /* Player.swift */ = {isa = PBXFileReference; lastKnownFileType = sourcecode.swift; path = Player.swift; sourceTree = "<group>"; };
		84F9B54321CB98870013756C /* Game.swift */ = {isa = PBXFileReference; lastKnownFileType = sourcecode.swift; path = Game.swift; sourceTree = "<group>"; };
/* End PBXFileReference section */

/* Begin PBXFrameworksBuildPhase section */
		84F9B52621CA82F50013756C /* Frameworks */ = {
			isa = PBXFrameworksBuildPhase;
			buildActionMask = 2147483647;
			files = (
			);
			runOnlyForDeploymentPostprocessing = 0;
		};
/* End PBXFrameworksBuildPhase section */

/* Begin PBXGroup section */
		84F9B52021CA82F50013756C = {
			isa = PBXGroup;
			children = (
				84F9B52B21CA82F50013756C /* Nim */,
				84F9B52A21CA82F50013756C /* Products */,
			);
			sourceTree = "<group>";
		};
		84F9B52A21CA82F50013756C /* Products */ = {
			isa = PBXGroup;
			children = (
				84F9B52921CA82F50013756C /* Nim.app */,
			);
			name = Products;
			sourceTree = "<group>";
		};
		84F9B52B21CA82F50013756C /* Nim */ = {
			isa = PBXGroup;
			children = (
				84F9B54521CBD0E70013756C /* UI */,
				84F9B54221CB98140013756C /* Model */,
				84F9B52C21CA82F50013756C /* AppDelegate.swift */,
				84F9B53021CA82F50013756C /* Main.storyboard */,
				84F9B53321CA82F60013756C /* Assets.xcassets */,
				84F9B53521CA82F60013756C /* LaunchScreen.storyboard */,
				84F9B53821CA82F60013756C /* Info.plist */,
			);
			path = Nim;
			sourceTree = "<group>";
		};
		84F9B54221CB98140013756C /* Model */ = {
			isa = PBXGroup;
			children = (
				84F9B54021CA90FC0013756C /* Player.swift */,
				84F9B54321CB98870013756C /* Game.swift */,
			);
			path = Model;
			sourceTree = "<group>";
		};
		84F9B54521CBD0E70013756C /* UI */ = {
			isa = PBXGroup;
			children = (
				84F9B54621CBD0F20013756C /* ViewControllers */,
			);
			path = UI;
			sourceTree = "<group>";
		};
		84F9B54621CBD0F20013756C /* ViewControllers */ = {
			isa = PBXGroup;
			children = (
				84F9B52E21CA82F50013756C /* HomeViewController.swift */,
				84F9B53E21CA87190013756C /* GameViewController.swift */,
			);
			path = ViewControllers;
			sourceTree = "<group>";
		};
/* End PBXGroup section */

/* Begin PBXNativeTarget section */
		84F9B52821CA82F50013756C /* Nim */ = {
			isa = PBXNativeTarget;
			buildConfigurationList = 84F9B53B21CA82F60013756C /* Build configuration list for PBXNativeTarget "Nim" */;
			buildPhases = (
				84F9B52521CA82F50013756C /* Sources */,
				84F9B52621CA82F50013756C /* Frameworks */,
				84F9B52721CA82F50013756C /* Resources */,
			);
			buildRules = (
			);
			dependencies = (
			);
			name = Nim;
			productName = Nim;
			productReference = 84F9B52921CA82F50013756C /* Nim.app */;
			productType = "com.apple.product-type.application";
		};
/* End PBXNativeTarget section */

/* Begin PBXProject section */
		84F9B52121CA82F50013756C /* Project object */ = {
			isa = PBXProject;
			attributes = {
				LastSwiftUpdateCheck = 1010;
				LastUpgradeCheck = 1010;
				ORGANIZATIONNAME = "Cecile M";
				TargetAttributes = {
					84F9B52821CA82F50013756C = {
						CreatedOnToolsVersion = 10.1;
					};
				};
			};
			buildConfigurationList = 84F9B52421CA82F50013756C /* Build configuration list for PBXProject "Nim" */;
			compatibilityVersion = "Xcode 9.3";
			developmentRegion = en;
			hasScannedForEncodings = 0;
			knownRegions = (
				en,
				Base,
			);
			mainGroup = 84F9B52021CA82F50013756C;
			productRefGroup = 84F9B52A21CA82F50013756C /* Products */;
			projectDirPath = "";
			projectRoot = "";
			targets = (
				84F9B52821CA82F50013756C /* Nim */,
			);
		};
/* End PBXProject section */

/* Begin PBXResourcesBuildPhase section */
		84F9B52721CA82F50013756C /* Resources */ = {
			isa = PBXResourcesBuildPhase;
			buildActionMask = 2147483647;
			files = (
				84F9B53721CA82F60013756C /* LaunchScreen.storyboard in Resources */,
				84F9B53421CA82F60013756C /* Assets.xcassets in Resources */,
				84F9B53221CA82F50013756C /* Main.storyboard in Resources */,
			);
			runOnlyForDeploymentPostprocessing = 0;
		};
/* End PBXResourcesBuildPhase section */

/* Begin PBXSourcesBuildPhase section */
		84F9B52521CA82F50013756C /* Sources */ = {
			isa = PBXSourcesBuildPhase;
			buildActionMask = 2147483647;
			files = (
				84F9B54121CA90FC0013756C /* Player.swift in Sources */,
				84F9B54421CB98870013756C /* Game.swift in Sources */,
				84F9B52F21CA82F50013756C /* HomeViewController.swift in Sources */,
				84F9B53F21CA87190013756C /* GameViewController.swift in Sources */,
				84F9B52D21CA82F50013756C /* AppDelegate.swift in Sources */,
			);
			runOnlyForDeploymentPostprocessing = 0;
		};
/* End PBXSourcesBuildPhase section */

/* Begin PBXVariantGroup section */
		84F9B53021CA82F50013756C /* Main.storyboard */ = {
			isa = PBXVariantGroup;
			children = (
				84F9B53121CA82F50013756C /* Base */,
			);
			name = Main.storyboard;
			sourceTree = "<group>";
		};
		84F9B53521CA82F60013756C /* LaunchScreen.storyboard */ = {
			isa = PBXVariantGroup;
			children = (
				84F9B53621CA82F60013756C /* Base */,
			);
			name = LaunchScreen.storyboard;
			sourceTree = "<group>";
		};
/* End PBXVariantGroup section */

/* Begin XCBuildConfiguration section */
		84F9B53921CA82F60013756C /* Debug */ = {
			isa = XCBuildConfiguration;
			buildSettings = {
				ALWAYS_SEARCH_USER_PATHS = NO;
				CLANG_ANALYZER_NONNULL = YES;
				CLANG_ANALYZER_NUMBER_OBJECT_CONVERSION = YES_AGGRESSIVE;
				CLANG_CXX_LANGUAGE_STANDARD = "gnu++14";
				CLANG_CXX_LIBRARY = "libc++";
				CLANG_ENABLE_MODULES = YES;
				CLANG_ENABLE_OBJC_ARC = YES;
				CLANG_ENABLE_OBJC_WEAK = YES;
				CLANG_WARN_BLOCK_CAPTURE_AUTORELEASING = YES;
				CLANG_WARN_BOOL_CONVERSION = YES;
				CLANG_WARN_COMMA = YES;
				CLANG_WARN_CONSTANT_CONVERSION = YES;
				CLANG_WARN_DEPRECATED_OBJC_IMPLEMENTATIONS = YES;
				CLANG_WARN_DIRECT_OBJC_ISA_USAGE = YES_ERROR;
				CLANG_WARN_DOCUMENTATION_COMMENTS = YES;
				CLANG_WARN_EMPTY_BODY = YES;
				CLANG_WARN_ENUM_CONVERSION = YES;
				CLANG_WARN_INFINITE_RECURSION = YES;
				CLANG_WARN_INT_CONVERSION = YES;
				CLANG_WARN_NON_LITERAL_NULL_CONVERSION = YES;
				CLANG_WARN_OBJC_IMPLICIT_RETAIN_SELF = YES;
				CLANG_WARN_OBJC_LITERAL_CONVERSION = YES;
				CLANG_WARN_OBJC_ROOT_CLASS = YES_ERROR;
				CLANG_WARN_RANGE_LOOP_ANALYSIS = YES;
				CLANG_WARN_STRICT_PROTOTYPES = YES;
				CLANG_WARN_SUSPICIOUS_MOVE = YES;
				CLANG_WARN_UNGUARDED_AVAILABILITY = YES_AGGRESSIVE;
				CLANG_WARN_UNREACHABLE_CODE = YES;
				CLANG_WARN__DUPLICATE_METHOD_MATCH = YES;
				CODE_SIGN_IDENTITY = "iPhone Developer";
				COPY_PHASE_STRIP = NO;
				DEBUG_INFORMATION_FORMAT = dwarf;
				ENABLE_STRICT_OBJC_MSGSEND = YES;
				ENABLE_TESTABILITY = YES;
				GCC_C_LANGUAGE_STANDARD = gnu11;
				GCC_DYNAMIC_NO_PIC = NO;
				GCC_NO_COMMON_BLOCKS = YES;
				GCC_OPTIMIZATION_LEVEL = 0;
				GCC_PREPROCESSOR_DEFINITIONS = (
					"DEBUG=1",
					"$(inherited)",
				);
				GCC_WARN_64_TO_32_BIT_CONVERSION = YES;
				GCC_WARN_ABOUT_RETURN_TYPE = YES_ERROR;
				GCC_WARN_UNDECLARED_SELECTOR = YES;
				GCC_WARN_UNINITIALIZED_AUTOS = YES_AGGRESSIVE;
				GCC_WARN_UNUSED_FUNCTION = YES;
				GCC_WARN_UNUSED_VARIABLE = YES;
				IPHONEOS_DEPLOYMENT_TARGET = 12.1;
				MTL_ENABLE_DEBUG_INFO = INCLUDE_SOURCE;
				MTL_FAST_MATH = YES;
				ONLY_ACTIVE_ARCH = YES;
				SDKROOT = iphoneos;
				SWIFT_ACTIVE_COMPILATION_CONDITIONS = DEBUG;
				SWIFT_OPTIMIZATION_LEVEL = "-Onone";
			};
			name = Debug;
		};
		84F9B53A21CA82F60013756C /* Release */ = {
			isa = XCBuildConfiguration;
			buildSettings = {
				ALWAYS_SEARCH_USER_PATHS = NO;
				CLANG_ANALYZER_NONNULL = YES;
				CLANG_ANALYZER_NUMBER_OBJECT_CONVERSION = YES_AGGRESSIVE;
				CLANG_CXX_LANGUAGE_STANDARD = "gnu++14";
				CLANG_CXX_LIBRARY = "libc++";
				CLANG_ENABLE_MODULES = YES;
				CLANG_ENABLE_OBJC_ARC = YES;
				CLANG_ENABLE_OBJC_WEAK = YES;
				CLANG_WARN_BLOCK_CAPTURE_AUTORELEASING = YES;
				CLANG_WARN_BOOL_CONVERSION = YES;
				CLANG_WARN_COMMA = YES;
				CLANG_WARN_CONSTANT_CONVERSION = YES;
				CLANG_WARN_DEPRECATED_OBJC_IMPLEMENTATIONS = YES;
				CLANG_WARN_DIRECT_OBJC_ISA_USAGE = YES_ERROR;
				CLANG_WARN_DOCUMENTATION_COMMENTS = YES;
				CLANG_WARN_EMPTY_BODY = YES;
				CLANG_WARN_ENUM_CONVERSION = YES;
				CLANG_WARN_INFINITE_RECURSION = YES;
				CLANG_WARN_INT_CONVERSION = YES;
				CLANG_WARN_NON_LITERAL_NULL_CONVERSION = YES;
				CLANG_WARN_OBJC_IMPLICIT_RETAIN_SELF = YES;
				CLANG_WARN_OBJC_LITERAL_CONVERSION = YES;
				CLANG_WARN_OBJC_ROOT_CLASS = YES_ERROR;
				CLANG_WARN_RANGE_LOOP_ANALYSIS = YES;
				CLANG_WARN_STRICT_PROTOTYPES = YES;
				CLANG_WARN_SUSPICIOUS_MOVE = YES;
				CLANG_WARN_UNGUARDED_AVAILABILITY = YES_AGGRESSIVE;
				CLANG_WARN_UNREACHABLE_CODE = YES;
				CLANG_WARN__DUPLICATE_METHOD_MATCH = YES;
				CODE_SIGN_IDENTITY = "iPhone Developer";
				COPY_PHASE_STRIP = NO;
				DEBUG_INFORMATION_FORMAT = "dwarf-with-dsym";
				ENABLE_NS_ASSERTIONS = NO;
				ENABLE_STRICT_OBJC_MSGSEND = YES;
				GCC_C_LANGUAGE_STANDARD = gnu11;
				GCC_NO_COMMON_BLOCKS = YES;
				GCC_WARN_64_TO_32_BIT_CONVERSION = YES;
				GCC_WARN_ABOUT_RETURN_TYPE = YES_ERROR;
				GCC_WARN_UNDECLARED_SELECTOR = YES;
				GCC_WARN_UNINITIALIZED_AUTOS = YES_AGGRESSIVE;
				GCC_WARN_UNUSED_FUNCTION = YES;
				GCC_WARN_UNUSED_VARIABLE = YES;
				IPHONEOS_DEPLOYMENT_TARGET = 12.1;
				MTL_ENABLE_DEBUG_INFO = NO;
				MTL_FAST_MATH = YES;
				SDKROOT = iphoneos;
				SWIFT_COMPILATION_MODE = wholemodule;
				SWIFT_OPTIMIZATION_LEVEL = "-O";
				VALIDATE_PRODUCT = YES;
			};
			name = Release;
		};
		84F9B53C21CA82F60013756C /* Debug */ = {
			isa = XCBuildConfiguration;
			buildSettings = {
				ASSETCATALOG_COMPILER_APPICON_NAME = AppIcon;
				CODE_SIGN_STYLE = Automatic;
				INFOPLIST_FILE = Nim/Info.plist;
				LD_RUNPATH_SEARCH_PATHS = (
					"$(inherited)",
					"@executable_path/Frameworks",
				);
				PRODUCT_BUNDLE_IDENTIFIER = fr.cecilem.Nim;
				PRODUCT_NAME = "$(TARGET_NAME)";
				SWIFT_VERSION = 4.2;
				TARGETED_DEVICE_FAMILY = "1,2";
			};
			name = Debug;
		};
		84F9B53D21CA82F60013756C /* Release */ = {
			isa = XCBuildConfiguration;
			buildSettings = {
				ASSETCATALOG_COMPILER_APPICON_NAME = AppIcon;
				CODE_SIGN_STYLE = Automatic;
				INFOPLIST_FILE = Nim/Info.plist;
				LD_RUNPATH_SEARCH_PATHS = (
					"$(inherited)",
					"@executable_path/Frameworks",
				);
				PRODUCT_BUNDLE_IDENTIFIER = fr.cecilem.Nim;
				PRODUCT_NAME = "$(TARGET_NAME)";
				SWIFT_VERSION = 4.2;
				TARGETED_DEVICE_FAMILY = "1,2";
			};
			name = Release;
		};
/* End XCBuildConfiguration section */

/* Begin XCConfigurationList section */
		84F9B52421CA82F50013756C /* Build configuration list for PBXProject "Nim" */ = {
			isa = XCConfigurationList;
			buildConfigurations = (
				84F9B53921CA82F60013756C /* Debug */,
				84F9B53A21CA82F60013756C /* Release */,
			);
			defaultConfigurationIsVisible = 0;
			defaultConfigurationName = Release;
		};
		84F9B53B21CA82F60013756C /* Build configuration list for PBXNativeTarget "Nim" */ = {
			isa = XCConfigurationList;
			buildConfigurations = (
				84F9B53C21CA82F60013756C /* Debug */,
				84F9B53D21CA82F60013756C /* Release */,
			);
			defaultConfigurationIsVisible = 0;
			defaultConfigurationName = Release;
		};
/* End XCConfigurationList section */
	};
	rootObject = 84F9B52121CA82F50013756C /* Project object */;
}
